# This file is autogenerated, do not edit; changes may be undone by the next 'dep ensure'.


[[projects]]
  name = "github.com/golang/protobuf"
  packages = ["proto"]
  revision = "925541529c1fa6821df4e44ce2723319eb2be768"
  version = "v1.0.0"

[[projects]]
  name = "github.com/quipo/statsd"
  packages = [
    ".",
    "event"
  ]
  revision = "977fadbd5cda9975ab87279994ea2029efdbd436"
  version = "1.4.0"

[[projects]]
  branch = "master"
  name = "github.com/tarantool/go-tarantool"
  packages = ["."]
  revision = "5de9a66537ce6f0d98834cebd9c1348b68042107"

[[projects]]
  branch = "master"
  name = "golang.org/x/net"
  packages = ["context"]
  revision = "61147c48b25b599e5b561d2e9c4f3e1ef489ca41"

[[projects]]
  name = "google.golang.org/appengine"
  packages = [
    ".",
    "datastore",
    "internal",
    "internal/app_identity",
    "internal/base",
    "internal/datastore",
    "internal/log",
    "internal/modules",
    "internal/remote_api"
  ]
  revision = "150dc57a1b433e64154302bdc40b6bb8aefa313a"
  version = "v1.0.0"

[[projects]]
  name = "gopkg.in/vmihailenco/msgpack.v2"
  packages = [
    ".",
    "codes"
  ]
  revision = "f4f8982de4ef0de18be76456617cc3f5d8d8141e"
  version = "v2.9.1"

[[projects]]
  name = "gopkg.in/yaml.v2"
  packages = ["."]
  revision = "5420a8b6744d3b0345ab293f6fcba19c978f1183"
  version = "v2.2.1"

[solve-meta]
  analyzer-name = "dep"
  analyzer-version = 1
  inputs-digest = "57276fef4290d7b4c7944d3fe69ab90a2f0e090dc4db13bc8b08c5af3b72a9a7"
  solver-name = "gps-cdcl"
  solver-version = 1
